
Microsoft Visual Studio Solution File, Format Version 12.00
# Visual Studio Version 16
VisualStudioVersion = 16.0.30011.22
MinimumVisualStudioVersion = 10.0.40219.1
Project("{888888A0-9F3D-457C-B088-3A5042F75D52}") = "AwarenessNews", "AwarenessNews\AwarenessNews.pyproj", "{D779FDED-A3CC-4BFD-82CF-720FFBA5EDE6}"
EndProject
Global
	GlobalSection(SolutionConfigurationPlatforms) = preSolution
		Debug|Any CPU = Debug|Any CPU
		Release|Any CPU = Release|Any CPU
	EndGlobalSection
	GlobalSection(ProjectConfigurationPlatforms) = postSolution
		{D779FDED-A3CC-4BFD-82CF-720FFBA5EDE6}.Debug|Any CPU.ActiveCfg = Debug|Any CPU
		{D779FDED-A3CC-4BFD-82CF-720FFBA5EDE6}.Debug|Any CPU.Build.0 = Debug|Any CPU
		{D779FDED-A3CC-4BFD-82CF-720FFBA5EDE6}.Release|Any CPU.ActiveCfg = Release|Any CPU
		{D779FDED-A3CC-4BFD-82CF-720FFBA5EDE6}.Release|Any CPU.Build.0 = Release|Any CPU
	EndGlobalSection
	GlobalSection(SolutionProperties) = preSolution
		HideSolutionNode = FALSE
	EndGlobalSection
	GlobalSection(ExtensibilityGlobals) = postSolution
		SolutionGuid = {28CFE1D2-053E-46A1-B967-1EF0180D998A}
	EndGlobalSection
EndGlobal
