
Microsoft Visual Studio Solution File, Format Version 12.00
# Visual Studio Version 16
VisualStudioVersion = 16.0.30011.22
MinimumVisualStudioVersion = 10.0.40219.1
Project("{888888A0-9F3D-457C-B088-3A5042F75D52}") = "DjangoWebProject1", "DjangoWebProject1\DjangoWebProject1.pyproj", "{FE705341-97D6-4EBE-AFD0-0FA8B8490297}"
EndProject
Global
	GlobalSection(SolutionConfigurationPlatforms) = preSolution
		Debug|Any CPU = Debug|Any CPU
		Release|Any CPU = Release|Any CPU
	EndGlobalSection
	GlobalSection(ProjectConfigurationPlatforms) = postSolution
		{FE705341-97D6-4EBE-AFD0-0FA8B8490297}.Debug|Any CPU.ActiveCfg = Debug|Any CPU
		{FE705341-97D6-4EBE-AFD0-0FA8B8490297}.Debug|Any CPU.Build.0 = Debug|Any CPU
		{FE705341-97D6-4EBE-AFD0-0FA8B8490297}.Release|Any CPU.ActiveCfg = Release|Any CPU
		{FE705341-97D6-4EBE-AFD0-0FA8B8490297}.Release|Any CPU.Build.0 = Release|Any CPU
	EndGlobalSection
	GlobalSection(SolutionProperties) = preSolution
		HideSolutionNode = FALSE
	EndGlobalSection
	GlobalSection(ExtensibilityGlobals) = postSolution
		SolutionGuid = {CD8F5D0E-A2E4-45DE-81EB-83C2B2FD73D6}
	EndGlobalSection
EndGlobal
