
Microsoft Visual Studio Solution File, Format Version 12.00
# Visual Studio Version 16
VisualStudioVersion = 16.0.30011.22
MinimumVisualStudioVersion = 10.0.40219.1
Project("{888888A0-9F3D-457C-B088-3A5042F75D52}") = "headlines", "headlines\headlines.pyproj", "{2F593951-A9C0-4FF5-9784-382ED77AF649}"
EndProject
Global
	GlobalSection(SolutionConfigurationPlatforms) = preSolution
		Debug|Any CPU = Debug|Any CPU
		Release|Any CPU = Release|Any CPU
	EndGlobalSection
	GlobalSection(ProjectConfigurationPlatforms) = postSolution
		{2F593951-A9C0-4FF5-9784-382ED77AF649}.Debug|Any CPU.ActiveCfg = Debug|Any CPU
		{2F593951-A9C0-4FF5-9784-382ED77AF649}.Debug|Any CPU.Build.0 = Debug|Any CPU
		{2F593951-A9C0-4FF5-9784-382ED77AF649}.Release|Any CPU.ActiveCfg = Release|Any CPU
		{2F593951-A9C0-4FF5-9784-382ED77AF649}.Release|Any CPU.Build.0 = Release|Any CPU
	EndGlobalSection
	GlobalSection(SolutionProperties) = preSolution
		HideSolutionNode = FALSE
	EndGlobalSection
	GlobalSection(ExtensibilityGlobals) = postSolution
		SolutionGuid = {7F1B80A3-D494-4325-8AB4-A84340DF7402}
	EndGlobalSection
EndGlobal
